
Microsoft Visual Studio Solution File, Format Version 12.00
# Visual Studio Version 17
VisualStudioVersion = 17.14.36518.9 d17.14
MinimumVisualStudioVersion = 10.0.40219.1
Project("{8BC9CEB8-8B4A-11D0-8D11-00A0C91BC942}") = "APC_SleepObfuscation", "APC_SleepObfuscation.vcxproj", "{787175A4-680A-4E80-8809-BAC2CED3FBA1}"
EndProject
Global
	GlobalSection(SolutionConfigurationPlatforms) = preSolution
		Debug|x64 = Debug|x64
		Debug|x86 = Debug|x86
		Release|x64 = Release|x64
		Release|x86 = Release|x86
	EndGlobalSection
	GlobalSection(ProjectConfigurationPlatforms) = postSolution
		{787175A4-680A-4E80-8809-BAC2CED3FBA1}.Debug|x64.ActiveCfg = Debug|x64
		{787175A4-680A-4E80-8809-BAC2CED3FBA1}.Debug|x64.Build.0 = Debug|x64
		{787175A4-680A-4E80-8809-BAC2CED3FBA1}.Debug|x86.ActiveCfg = Debug|Win32
		{787175A4-680A-4E80-8809-BAC2CED3FBA1}.Debug|x86.Build.0 = Debug|Win32
		{787175A4-680A-4E80-8809-BAC2CED3FBA1}.Release|x64.ActiveCfg = Release|x64
		{787175A4-680A-4E80-8809-BAC2CED3FBA1}.Release|x64.Build.0 = Release|x64
		{787175A4-680A-4E80-8809-BAC2CED3FBA1}.Release|x86.ActiveCfg = Release|Win32
		{787175A4-680A-4E80-8809-BAC2CED3FBA1}.Release|x86.Build.0 = Release|Win32
	EndGlobalSection
	GlobalSection(SolutionProperties) = preSolution
		HideSolutionNode = FALSE
	EndGlobalSection
	GlobalSection(ExtensibilityGlobals) = postSolution
		SolutionGuid = {FC2D2FD1-D34A-4C6E-AC6C-988EA0766D3D}
	EndGlobalSection
EndGlobal
